{
  "name": "poplavsky",
  "lockfileVersion": 2,
  "requires": true,
  "packages": {
    "": {
      "dependencies": {
        "fullpage.js": "^4.0.18"
      }
    },
    "node_modules/fullpage.js": {
      "version": "4.0.18",
      "resolved": "https://registry.npmjs.org/fullpage.js/-/fullpage.js-4.0.18.tgz",
      "integrity": "sha512-JjTsVrmcbUh1b+EWxYJC7TlmWNGpLiaQz6WfEVbOv11R21I4LRW1rsbxP9j8MfAbEhtywP7lZXj3o8FZh3r1BA=="
    }
  },
  "dependencies": {
    "fullpage.js": {
      "version": "4.0.18",
      "resolved": "https://registry.npmjs.org/fullpage.js/-/fullpage.js-4.0.18.tgz",
      "integrity": "sha512-JjTsVrmcbUh1b+EWxYJC7TlmWNGpLiaQz6WfEVbOv11R21I4LRW1rsbxP9j8MfAbEhtywP7lZXj3o8FZh3r1BA=="
    }
  }
}
